
Microsoft Visual Studio Solution File, Format Version 12.00
# Visual Studio Version 17
VisualStudioVersion = 17.11.35303.130
MinimumVisualStudioVersion = 10.0.40219.1
Project("{2150E333-8FDC-42A3-9474-1A3956D46DE8}") = "Task0", "Task0", "{7363C3F8-26A6-4894-BFED-5DEFB1119E90}"
EndProject
Project("{FAE04EC0-301F-11D3-BF4B-00C04F79EFBC}") = "Tyuiu.KomarovNA.Sprint2.Task0.V1", "Tyuiu.KomarovNA.Sprint2.Task0.V1\Tyuiu.KomarovNA.Sprint2.Task0.V1.csproj", "{1005B7C3-4239-4DFE-A5A9-3A986531919B}"
EndProject
Project("{FAE04EC0-301F-11D3-BF4B-00C04F79EFBC}") = "Tyuiu.KomarovNA.Sprint2.Task0.V1.Lib", "Tyuiu.KomarovNA.Sprint2.Task0.V1.Lib\Tyuiu.KomarovNA.Sprint2.Task0.V1.Lib.csproj", "{0A7ACFC1-AF7E-45E0-9D7F-F38F04132002}"
EndProject
Project("{FAE04EC0-301F-11D3-BF4B-00C04F79EFBC}") = "Tyuiu.KomarovNA.Sprint2.Task0.V1.Test", "Tyuiu.KomarovNA.Sprint2.Task0.V1.Test\Tyuiu.KomarovNA.Sprint2.Task0.V1.Test.csproj", "{E1158CD0-16CC-42DC-AF76-29C3A3F16E90}"
EndProject
Project("{2150E333-8FDC-42A3-9474-1A3956D46DE8}") = "Task1", "Task1", "{6E1F9D9A-2603-4AC6-9F92-C4B4086FF846}"
EndProject
Project("{FAE04EC0-301F-11D3-BF4B-00C04F79EFBC}") = "Tyuiu.KomarovNA.Sprint2.Task1.V17", "Tyuiu.KomarovNA.Sprint2.Task1.V17\Tyuiu.KomarovNA.Sprint2.Task1.V17.csproj", "{C0E77A35-5B40-40B8-BFF0-9A3C70403399}"
EndProject
Project("{FAE04EC0-301F-11D3-BF4B-00C04F79EFBC}") = "Tyuiu.KomarovNA.Sprint2.Task1.V17.Lib", "Tyuiu.KomarovNA.Sprint2.Task1.V17.Lib\Tyuiu.KomarovNA.Sprint2.Task1.V17.Lib.csproj", "{44AB4B95-9883-4EE2-935F-7FA21B8A4054}"
EndProject
Project("{FAE04EC0-301F-11D3-BF4B-00C04F79EFBC}") = "Tyuiu.KomarovNA.Sprint2.Task1.V17.Test", "Tyuiu.KomarovNA.Sprint2.Task1.V17.Test\Tyuiu.KomarovNA.Sprint2.Task1.V17.Test.csproj", "{94567B9E-64A6-4F6C-8A5A-CB54865C23EF}"
EndProject
Global
	GlobalSection(SolutionConfigurationPlatforms) = preSolution
		Debug|Any CPU = Debug|Any CPU
		Release|Any CPU = Release|Any CPU
	EndGlobalSection
	GlobalSection(ProjectConfigurationPlatforms) = postSolution
		{1005B7C3-4239-4DFE-A5A9-3A986531919B}.Debug|Any CPU.ActiveCfg = Debug|Any CPU
		{1005B7C3-4239-4DFE-A5A9-3A986531919B}.Debug|Any CPU.Build.0 = Debug|Any CPU
		{1005B7C3-4239-4DFE-A5A9-3A986531919B}.Release|Any CPU.ActiveCfg = Release|Any CPU
		{1005B7C3-4239-4DFE-A5A9-3A986531919B}.Release|Any CPU.Build.0 = Release|Any CPU
		{0A7ACFC1-AF7E-45E0-9D7F-F38F04132002}.Debug|Any CPU.ActiveCfg = Debug|Any CPU
		{0A7ACFC1-AF7E-45E0-9D7F-F38F04132002}.Debug|Any CPU.Build.0 = Debug|Any CPU
		{0A7ACFC1-AF7E-45E0-9D7F-F38F04132002}.Release|Any CPU.ActiveCfg = Release|Any CPU
		{0A7ACFC1-AF7E-45E0-9D7F-F38F04132002}.Release|Any CPU.Build.0 = Release|Any CPU
		{E1158CD0-16CC-42DC-AF76-29C3A3F16E90}.Debug|Any CPU.ActiveCfg = Debug|Any CPU
		{E1158CD0-16CC-42DC-AF76-29C3A3F16E90}.Debug|Any CPU.Build.0 = Debug|Any CPU
		{E1158CD0-16CC-42DC-AF76-29C3A3F16E90}.Release|Any CPU.ActiveCfg = Release|Any CPU
		{E1158CD0-16CC-42DC-AF76-29C3A3F16E90}.Release|Any CPU.Build.0 = Release|Any CPU
		{C0E77A35-5B40-40B8-BFF0-9A3C70403399}.Debug|Any CPU.ActiveCfg = Debug|Any CPU
		{C0E77A35-5B40-40B8-BFF0-9A3C70403399}.Debug|Any CPU.Build.0 = Debug|Any CPU
		{C0E77A35-5B40-40B8-BFF0-9A3C70403399}.Release|Any CPU.ActiveCfg = Release|Any CPU
		{C0E77A35-5B40-40B8-BFF0-9A3C70403399}.Release|Any CPU.Build.0 = Release|Any CPU
		{44AB4B95-9883-4EE2-935F-7FA21B8A4054}.Debug|Any CPU.ActiveCfg = Debug|Any CPU
		{44AB4B95-9883-4EE2-935F-7FA21B8A4054}.Debug|Any CPU.Build.0 = Debug|Any CPU
		{44AB4B95-9883-4EE2-935F-7FA21B8A4054}.Release|Any CPU.ActiveCfg = Release|Any CPU
		{44AB4B95-9883-4EE2-935F-7FA21B8A4054}.Release|Any CPU.Build.0 = Release|Any CPU
		{94567B9E-64A6-4F6C-8A5A-CB54865C23EF}.Debug|Any CPU.ActiveCfg = Debug|Any CPU
		{94567B9E-64A6-4F6C-8A5A-CB54865C23EF}.Debug|Any CPU.Build.0 = Debug|Any CPU
		{94567B9E-64A6-4F6C-8A5A-CB54865C23EF}.Release|Any CPU.ActiveCfg = Release|Any CPU
		{94567B9E-64A6-4F6C-8A5A-CB54865C23EF}.Release|Any CPU.Build.0 = Release|Any CPU
	EndGlobalSection
	GlobalSection(SolutionProperties) = preSolution
		HideSolutionNode = FALSE
	EndGlobalSection
	GlobalSection(NestedProjects) = preSolution
		{1005B7C3-4239-4DFE-A5A9-3A986531919B} = {7363C3F8-26A6-4894-BFED-5DEFB1119E90}
		{0A7ACFC1-AF7E-45E0-9D7F-F38F04132002} = {7363C3F8-26A6-4894-BFED-5DEFB1119E90}
		{E1158CD0-16CC-42DC-AF76-29C3A3F16E90} = {7363C3F8-26A6-4894-BFED-5DEFB1119E90}
		{C0E77A35-5B40-40B8-BFF0-9A3C70403399} = {6E1F9D9A-2603-4AC6-9F92-C4B4086FF846}
		{44AB4B95-9883-4EE2-935F-7FA21B8A4054} = {6E1F9D9A-2603-4AC6-9F92-C4B4086FF846}
		{94567B9E-64A6-4F6C-8A5A-CB54865C23EF} = {6E1F9D9A-2603-4AC6-9F92-C4B4086FF846}
	EndGlobalSection
	GlobalSection(ExtensibilityGlobals) = postSolution
		SolutionGuid = {58FC0F3A-2536-460E-BCB0-6271914FCE99}
	EndGlobalSection
EndGlobal
