
Microsoft Visual Studio Solution File, Format Version 12.00
# Visual Studio Version 17
VisualStudioVersion = 17.11.35303.130
MinimumVisualStudioVersion = 10.0.40219.1
Project("{2150E333-8FDC-42A3-9474-1A3956D46DE8}") = "Task0", "Task0", "{7363C3F8-26A6-4894-BFED-5DEFB1119E90}"
EndProject
Project("{9A19103F-16F7-4668-BE54-9A1E7A4F7556}") = "Tyuiu.KomarovNA.Sprint2.Task0.V1", "Tyuiu.KomarovNA.Sprint2.Task0.V1\Tyuiu.KomarovNA.Sprint2.Task0.V1.csproj", "{1005B7C3-4239-4DFE-A5A9-3A986531919B}"
EndProject
Project("{9A19103F-16F7-4668-BE54-9A1E7A4F7556}") = "Tyuiu.KomarovNA.Sprint2.Task0.V1.Lib", "Tyuiu.KomarovNA.Sprint2.Task0.V1.Lib\Tyuiu.KomarovNA.Sprint2.Task0.V1.Lib.csproj", "{0A7ACFC1-AF7E-45E0-9D7F-F38F04132002}"
EndProject
Project("{9A19103F-16F7-4668-BE54-9A1E7A4F7556}") = "Tyuiu.KomarovNA.Sprint2.Task0.V1.Test", "Tyuiu.KomarovNA.Sprint2.Task0.V1.Test\Tyuiu.KomarovNA.Sprint2.Task0.V1.Test.csproj", "{E1158CD0-16CC-42DC-AF76-29C3A3F16E90}"
EndProject
Project("{2150E333-8FDC-42A3-9474-1A3956D46DE8}") = "Task1", "Task1", "{6E1F9D9A-2603-4AC6-9F92-C4B4086FF846}"
EndProject
Project("{9A19103F-16F7-4668-BE54-9A1E7A4F7556}") = "Tyuiu.KomarovNA.Sprint2.Task1.V17", "Tyuiu.KomarovNA.Sprint2.Task1.V17\Tyuiu.KomarovNA.Sprint2.Task1.V17.csproj", "{6528545A-6DBC-4C63-A0E2-0F570004BCB1}"
EndProject
Project("{9A19103F-16F7-4668-BE54-9A1E7A4F7556}") = "Tyuiu.KomarovNA.Sprint2.Task1.V17.Lib", "Tyuiu.KomarovNA.Sprint2.Task1.V17.Lib\Tyuiu.KomarovNA.Sprint2.Task1.V17.Lib.csproj", "{B2223C56-D13E-4B99-81B7-08272632A029}"
EndProject
Project("{9A19103F-16F7-4668-BE54-9A1E7A4F7556}") = "Tyuiu.KomarovNA.Sprint2.Task1.V17.Test", "Tyuiu.KomarovNA.Sprint2.Task1.V17.Test\Tyuiu.KomarovNA.Sprint2.Task1.V17.Test.csproj", "{2A19DF94-8ECB-46FE-A3D9-D6A9E37C26F6}"
EndProject
Project("{9A19103F-16F7-4668-BE54-9A1E7A4F7556}") = "Tyuiu.KomarovNA.Sprint2.Task2.V17.Lib", "Tyuiu.KomarovNA.Sprint2.Task2.V17.Lib\Tyuiu.KomarovNA.Sprint2.Task2.V17.Lib.csproj", "{02DA7125-6183-44E3-A88A-005C52B62C81}"
EndProject
Project("{9A19103F-16F7-4668-BE54-9A1E7A4F7556}") = "Tyuiu.KomarovNA.Sprint2.Task2.V17", "Tyuiu.KomarovNA.Sprint2.Task2.V17\Tyuiu.KomarovNA.Sprint2.Task2.V17.csproj", "{14B4A81B-14BA-4182-8BC1-66149D5C3B99}"
EndProject
Project("{9A19103F-16F7-4668-BE54-9A1E7A4F7556}") = "Tyuiu.KomarovNA.Sprint2.Task2.V17.Test", "Tyuiu.KomarovNA.Sprint2.Task2.V17.Test\Tyuiu.KomarovNA.Sprint2.Task2.V17.Test.csproj", "{6B63FC0C-BA2E-44C9-A954-9D6E052C173A}"
EndProject
Project("{9A19103F-16F7-4668-BE54-9A1E7A4F7556}") = "Tyuiu.KomarovNA.Sprint2.Task3.V5.Lib", "Tyuiu.KomarovNA.Sprint2.Task3.V5.Lib\Tyuiu.KomarovNA.Sprint2.Task3.V5.Lib.csproj", "{743D6083-3EA2-4CC5-A4E3-166C62234B0D}"
EndProject
Project("{9A19103F-16F7-4668-BE54-9A1E7A4F7556}") = "Tyuiu.KomarovNA.Sprint2.Task3.V5", "Tyuiu.KomarovNA.Sprint2.Task3.V5\Tyuiu.KomarovNA.Sprint2.Task3.V5.csproj", "{25B5764B-DF1C-47D0-838B-EB1359C9D6C5}"
EndProject
Project("{9A19103F-16F7-4668-BE54-9A1E7A4F7556}") = "Tyuiu.KomarovNA.Sprint2.Task3.V5.Test", "Tyuiu.KomarovNA.Sprint2.Task3.V5.Test\Tyuiu.KomarovNA.Sprint2.Task3.V5.Test.csproj", "{C05EE626-C5ED-4FB0-A230-9AD4A8791AED}"
EndProject
Project("{9A19103F-16F7-4668-BE54-9A1E7A4F7556}") = "Tyuiu.KomarovNA.Sprint2.Task4.V19.Lib", "Tyuiu.KomarovNA.Sprint2.Task4.V19.Lib\Tyuiu.KomarovNA.Sprint2.Task4.V19.Lib.csproj", "{53720D14-1E74-4E1A-96B7-C187F5CC630A}"
EndProject
Project("{9A19103F-16F7-4668-BE54-9A1E7A4F7556}") = "Tyuiu.KomarovNA.Sprint2.Task4.V19", "Tyuiu.KomarovNA.Sprint2.Task4.V19\Tyuiu.KomarovNA.Sprint2.Task4.V19.csproj", "{61A65D7F-1B6D-45E7-A54B-5AA87DB3D9EA}"
EndProject
Project("{9A19103F-16F7-4668-BE54-9A1E7A4F7556}") = "Tyuiu.KomarovNA.Sprint2.Task4.V19.Test", "Tyuiu.KomarovNA.Sprint2.Task4.V19.Test\Tyuiu.KomarovNA.Sprint2.Task4.V19.Test.csproj", "{A63B2525-C019-43AF-B976-CB7D1824AD1E}"
EndProject
Project("{2150E333-8FDC-42A3-9474-1A3956D46DE8}") = "Task2", "Task2", "{28017A00-0BC7-4C01-9D28-FA9CB1CFFC22}"
EndProject
Project("{2150E333-8FDC-42A3-9474-1A3956D46DE8}") = "Task3", "Task3", "{3DB19B73-FFA9-4AA5-B2AB-8AE488EF5C36}"
EndProject
Project("{2150E333-8FDC-42A3-9474-1A3956D46DE8}") = "Task4", "Task4", "{9B8D93C6-F5D0-4AB5-A0DD-0BB6A9B7B94E}"
EndProject
Project("{9A19103F-16F7-4668-BE54-9A1E7A4F7556}") = "Tyuiu.KomarovNA.Sprint2.Task5.V1.Lib", "Tyuiu.KomarovNA.Sprint2.Task5.V1.Lib\Tyuiu.KomarovNA.Sprint2.Task5.V1.Lib.csproj", "{E43E91FA-B297-4854-8411-E59E6E41EE0B}"
EndProject
Project("{9A19103F-16F7-4668-BE54-9A1E7A4F7556}") = "Tyuiu.KomarovNA.Sprint2.Task5.V1", "Tyuiu.KomarovNA.Sprint2.Task5.V1\Tyuiu.KomarovNA.Sprint2.Task5.V1.csproj", "{19FCC718-F759-4A29-B93B-09C19CC29D8E}"
EndProject
Project("{9A19103F-16F7-4668-BE54-9A1E7A4F7556}") = "Tyuiu.KomarovNA.Sprint2.Task5.V1.Test", "Tyuiu.KomarovNA.Sprint2.Task5.V1.Test\Tyuiu.KomarovNA.Sprint2.Task5.V1.Test.csproj", "{38BCF586-C422-4D2F-986B-9E9FCABAF129}"
EndProject
Project("{2150E333-8FDC-42A3-9474-1A3956D46DE8}") = "Task5", "Task5", "{5197BA2D-4222-409E-AF12-C49451E8F824}"
EndProject
Project("{9A19103F-16F7-4668-BE54-9A1E7A4F7556}") = "Tyuiu.KomarovNA.Sprint2.Task6.V15.Lib", "Tyuiu.KomarovNA.Sprint2.Task6.V15.Lib\Tyuiu.KomarovNA.Sprint2.Task6.V15.Lib.csproj", "{405C31A5-937D-4B9B-B301-0CD4708C82FB}"
EndProject
Project("{9A19103F-16F7-4668-BE54-9A1E7A4F7556}") = "Tyuiu.KomarovNA.Sprint2.Task6.V15", "Tyuiu.KomarovNA.Sprint2.Task6.V15\Tyuiu.KomarovNA.Sprint2.Task6.V15.csproj", "{444338E6-2EB6-4C62-8E6B-E311C94AC69B}"
EndProject
Project("{9A19103F-16F7-4668-BE54-9A1E7A4F7556}") = "Tyuiu.KomarovNA.Sprint2.Task6.V15.Test", "Tyuiu.KomarovNA.Sprint2.Task6.V15.Test\Tyuiu.KomarovNA.Sprint2.Task6.V15.Test.csproj", "{CED874CF-EDE5-41A2-9630-F39C8D3BEC17}"
EndProject
Project("{2150E333-8FDC-42A3-9474-1A3956D46DE8}") = "Task6", "Task6", "{53DED714-8521-4BF4-B25F-C06A9652711D}"
EndProject
Project("{9A19103F-16F7-4668-BE54-9A1E7A4F7556}") = "Tyuiu.KomarovNA.Sprint2.Task7.V14.Lib", "Tyuiu.KomarovNA.Sprint2.Task7.V14.Lib\Tyuiu.KomarovNA.Sprint2.Task7.V14.Lib.csproj", "{C25F2C73-1272-4B8C-9B61-1A32B0D407C7}"
EndProject
Project("{9A19103F-16F7-4668-BE54-9A1E7A4F7556}") = "Tyuiu.KomarovNA.Sprint2.Task7.V14", "Tyuiu.KomarovNA.Sprint2.Task7.V14\Tyuiu.KomarovNA.Sprint2.Task7.V14.csproj", "{722DC236-9C13-486B-A2C1-2A7613AB00DE}"
EndProject
Project("{9A19103F-16F7-4668-BE54-9A1E7A4F7556}") = "Tyuiu.KomarovNA.Sprint2.Task7.V14.Test", "Tyuiu.KomarovNA.Sprint2.Task7.V14.Test\Tyuiu.KomarovNA.Sprint2.Task7.V14.Test.csproj", "{7E178E1B-5978-4B6F-9450-5A7716491768}"
EndProject
Project("{2150E333-8FDC-42A3-9474-1A3956D46DE8}") = "Task7", "Task7", "{FD8EF263-702D-4156-8281-1330C0A3CA2D}"
EndProject
Global
	GlobalSection(SolutionConfigurationPlatforms) = preSolution
		Debug|Any CPU = Debug|Any CPU
		Release|Any CPU = Release|Any CPU
	EndGlobalSection
	GlobalSection(ProjectConfigurationPlatforms) = postSolution
		{1005B7C3-4239-4DFE-A5A9-3A986531919B}.Debug|Any CPU.ActiveCfg = Debug|Any CPU
		{1005B7C3-4239-4DFE-A5A9-3A986531919B}.Debug|Any CPU.Build.0 = Debug|Any CPU
		{1005B7C3-4239-4DFE-A5A9-3A986531919B}.Release|Any CPU.ActiveCfg = Release|Any CPU
		{1005B7C3-4239-4DFE-A5A9-3A986531919B}.Release|Any CPU.Build.0 = Release|Any CPU
		{0A7ACFC1-AF7E-45E0-9D7F-F38F04132002}.Debug|Any CPU.ActiveCfg = Debug|Any CPU
		{0A7ACFC1-AF7E-45E0-9D7F-F38F04132002}.Debug|Any CPU.Build.0 = Debug|Any CPU
		{0A7ACFC1-AF7E-45E0-9D7F-F38F04132002}.Release|Any CPU.ActiveCfg = Release|Any CPU
		{0A7ACFC1-AF7E-45E0-9D7F-F38F04132002}.Release|Any CPU.Build.0 = Release|Any CPU
		{E1158CD0-16CC-42DC-AF76-29C3A3F16E90}.Debug|Any CPU.ActiveCfg = Debug|Any CPU
		{E1158CD0-16CC-42DC-AF76-29C3A3F16E90}.Debug|Any CPU.Build.0 = Debug|Any CPU
		{E1158CD0-16CC-42DC-AF76-29C3A3F16E90}.Release|Any CPU.ActiveCfg = Release|Any CPU
		{E1158CD0-16CC-42DC-AF76-29C3A3F16E90}.Release|Any CPU.Build.0 = Release|Any CPU
		{6528545A-6DBC-4C63-A0E2-0F570004BCB1}.Debug|Any CPU.ActiveCfg = Debug|Any CPU
		{6528545A-6DBC-4C63-A0E2-0F570004BCB1}.Debug|Any CPU.Build.0 = Debug|Any CPU
		{6528545A-6DBC-4C63-A0E2-0F570004BCB1}.Release|Any CPU.ActiveCfg = Release|Any CPU
		{6528545A-6DBC-4C63-A0E2-0F570004BCB1}.Release|Any CPU.Build.0 = Release|Any CPU
		{B2223C56-D13E-4B99-81B7-08272632A029}.Debug|Any CPU.ActiveCfg = Debug|Any CPU
		{B2223C56-D13E-4B99-81B7-08272632A029}.Debug|Any CPU.Build.0 = Debug|Any CPU
		{B2223C56-D13E-4B99-81B7-08272632A029}.Release|Any CPU.ActiveCfg = Release|Any CPU
		{B2223C56-D13E-4B99-81B7-08272632A029}.Release|Any CPU.Build.0 = Release|Any CPU
		{2A19DF94-8ECB-46FE-A3D9-D6A9E37C26F6}.Debug|Any CPU.ActiveCfg = Debug|Any CPU
		{2A19DF94-8ECB-46FE-A3D9-D6A9E37C26F6}.Debug|Any CPU.Build.0 = Debug|Any CPU
		{2A19DF94-8ECB-46FE-A3D9-D6A9E37C26F6}.Release|Any CPU.ActiveCfg = Release|Any CPU
		{2A19DF94-8ECB-46FE-A3D9-D6A9E37C26F6}.Release|Any CPU.Build.0 = Release|Any CPU
		{02DA7125-6183-44E3-A88A-005C52B62C81}.Debug|Any CPU.ActiveCfg = Debug|Any CPU
		{02DA7125-6183-44E3-A88A-005C52B62C81}.Debug|Any CPU.Build.0 = Debug|Any CPU
		{02DA7125-6183-44E3-A88A-005C52B62C81}.Release|Any CPU.ActiveCfg = Release|Any CPU
		{02DA7125-6183-44E3-A88A-005C52B62C81}.Release|Any CPU.Build.0 = Release|Any CPU
		{14B4A81B-14BA-4182-8BC1-66149D5C3B99}.Debug|Any CPU.ActiveCfg = Debug|Any CPU
		{14B4A81B-14BA-4182-8BC1-66149D5C3B99}.Debug|Any CPU.Build.0 = Debug|Any CPU
		{14B4A81B-14BA-4182-8BC1-66149D5C3B99}.Release|Any CPU.ActiveCfg = Release|Any CPU
		{14B4A81B-14BA-4182-8BC1-66149D5C3B99}.Release|Any CPU.Build.0 = Release|Any CPU
		{6B63FC0C-BA2E-44C9-A954-9D6E052C173A}.Debug|Any CPU.ActiveCfg = Debug|Any CPU
		{6B63FC0C-BA2E-44C9-A954-9D6E052C173A}.Debug|Any CPU.Build.0 = Debug|Any CPU
		{6B63FC0C-BA2E-44C9-A954-9D6E052C173A}.Release|Any CPU.ActiveCfg = Release|Any CPU
		{6B63FC0C-BA2E-44C9-A954-9D6E052C173A}.Release|Any CPU.Build.0 = Release|Any CPU
		{743D6083-3EA2-4CC5-A4E3-166C62234B0D}.Debug|Any CPU.ActiveCfg = Debug|Any CPU
		{743D6083-3EA2-4CC5-A4E3-166C62234B0D}.Debug|Any CPU.Build.0 = Debug|Any CPU
		{743D6083-3EA2-4CC5-A4E3-166C62234B0D}.Release|Any CPU.ActiveCfg = Release|Any CPU
		{743D6083-3EA2-4CC5-A4E3-166C62234B0D}.Release|Any CPU.Build.0 = Release|Any CPU
		{25B5764B-DF1C-47D0-838B-EB1359C9D6C5}.Debug|Any CPU.ActiveCfg = Debug|Any CPU
		{25B5764B-DF1C-47D0-838B-EB1359C9D6C5}.Debug|Any CPU.Build.0 = Debug|Any CPU
		{25B5764B-DF1C-47D0-838B-EB1359C9D6C5}.Release|Any CPU.ActiveCfg = Release|Any CPU
		{25B5764B-DF1C-47D0-838B-EB1359C9D6C5}.Release|Any CPU.Build.0 = Release|Any CPU
		{C05EE626-C5ED-4FB0-A230-9AD4A8791AED}.Debug|Any CPU.ActiveCfg = Debug|Any CPU
		{C05EE626-C5ED-4FB0-A230-9AD4A8791AED}.Debug|Any CPU.Build.0 = Debug|Any CPU
		{C05EE626-C5ED-4FB0-A230-9AD4A8791AED}.Release|Any CPU.ActiveCfg = Release|Any CPU
		{C05EE626-C5ED-4FB0-A230-9AD4A8791AED}.Release|Any CPU.Build.0 = Release|Any CPU
		{53720D14-1E74-4E1A-96B7-C187F5CC630A}.Debug|Any CPU.ActiveCfg = Debug|Any CPU
		{53720D14-1E74-4E1A-96B7-C187F5CC630A}.Debug|Any CPU.Build.0 = Debug|Any CPU
		{53720D14-1E74-4E1A-96B7-C187F5CC630A}.Release|Any CPU.ActiveCfg = Release|Any CPU
		{53720D14-1E74-4E1A-96B7-C187F5CC630A}.Release|Any CPU.Build.0 = Release|Any CPU
		{61A65D7F-1B6D-45E7-A54B-5AA87DB3D9EA}.Debug|Any CPU.ActiveCfg = Debug|Any CPU
		{61A65D7F-1B6D-45E7-A54B-5AA87DB3D9EA}.Debug|Any CPU.Build.0 = Debug|Any CPU
		{61A65D7F-1B6D-45E7-A54B-5AA87DB3D9EA}.Release|Any CPU.ActiveCfg = Release|Any CPU
		{61A65D7F-1B6D-45E7-A54B-5AA87DB3D9EA}.Release|Any CPU.Build.0 = Release|Any CPU
		{A63B2525-C019-43AF-B976-CB7D1824AD1E}.Debug|Any CPU.ActiveCfg = Debug|Any CPU
		{A63B2525-C019-43AF-B976-CB7D1824AD1E}.Debug|Any CPU.Build.0 = Debug|Any CPU
		{A63B2525-C019-43AF-B976-CB7D1824AD1E}.Release|Any CPU.ActiveCfg = Release|Any CPU
		{A63B2525-C019-43AF-B976-CB7D1824AD1E}.Release|Any CPU.Build.0 = Release|Any CPU
		{E43E91FA-B297-4854-8411-E59E6E41EE0B}.Debug|Any CPU.ActiveCfg = Debug|Any CPU
		{E43E91FA-B297-4854-8411-E59E6E41EE0B}.Debug|Any CPU.Build.0 = Debug|Any CPU
		{E43E91FA-B297-4854-8411-E59E6E41EE0B}.Release|Any CPU.ActiveCfg = Release|Any CPU
		{E43E91FA-B297-4854-8411-E59E6E41EE0B}.Release|Any CPU.Build.0 = Release|Any CPU
		{19FCC718-F759-4A29-B93B-09C19CC29D8E}.Debug|Any CPU.ActiveCfg = Debug|Any CPU
		{19FCC718-F759-4A29-B93B-09C19CC29D8E}.Debug|Any CPU.Build.0 = Debug|Any CPU
		{19FCC718-F759-4A29-B93B-09C19CC29D8E}.Release|Any CPU.ActiveCfg = Release|Any CPU
		{19FCC718-F759-4A29-B93B-09C19CC29D8E}.Release|Any CPU.Build.0 = Release|Any CPU
		{38BCF586-C422-4D2F-986B-9E9FCABAF129}.Debug|Any CPU.ActiveCfg = Debug|Any CPU
		{38BCF586-C422-4D2F-986B-9E9FCABAF129}.Debug|Any CPU.Build.0 = Debug|Any CPU
		{38BCF586-C422-4D2F-986B-9E9FCABAF129}.Release|Any CPU.ActiveCfg = Release|Any CPU
		{38BCF586-C422-4D2F-986B-9E9FCABAF129}.Release|Any CPU.Build.0 = Release|Any CPU
		{405C31A5-937D-4B9B-B301-0CD4708C82FB}.Debug|Any CPU.ActiveCfg = Debug|Any CPU
		{405C31A5-937D-4B9B-B301-0CD4708C82FB}.Debug|Any CPU.Build.0 = Debug|Any CPU
		{405C31A5-937D-4B9B-B301-0CD4708C82FB}.Release|Any CPU.ActiveCfg = Release|Any CPU
		{405C31A5-937D-4B9B-B301-0CD4708C82FB}.Release|Any CPU.Build.0 = Release|Any CPU
		{444338E6-2EB6-4C62-8E6B-E311C94AC69B}.Debug|Any CPU.ActiveCfg = Debug|Any CPU
		{444338E6-2EB6-4C62-8E6B-E311C94AC69B}.Debug|Any CPU.Build.0 = Debug|Any CPU
		{444338E6-2EB6-4C62-8E6B-E311C94AC69B}.Release|Any CPU.ActiveCfg = Release|Any CPU
		{444338E6-2EB6-4C62-8E6B-E311C94AC69B}.Release|Any CPU.Build.0 = Release|Any CPU
		{CED874CF-EDE5-41A2-9630-F39C8D3BEC17}.Debug|Any CPU.ActiveCfg = Debug|Any CPU
		{CED874CF-EDE5-41A2-9630-F39C8D3BEC17}.Debug|Any CPU.Build.0 = Debug|Any CPU
		{CED874CF-EDE5-41A2-9630-F39C8D3BEC17}.Release|Any CPU.ActiveCfg = Release|Any CPU
		{CED874CF-EDE5-41A2-9630-F39C8D3BEC17}.Release|Any CPU.Build.0 = Release|Any CPU
		{C25F2C73-1272-4B8C-9B61-1A32B0D407C7}.Debug|Any CPU.ActiveCfg = Debug|Any CPU
		{C25F2C73-1272-4B8C-9B61-1A32B0D407C7}.Debug|Any CPU.Build.0 = Debug|Any CPU
		{C25F2C73-1272-4B8C-9B61-1A32B0D407C7}.Release|Any CPU.ActiveCfg = Release|Any CPU
		{C25F2C73-1272-4B8C-9B61-1A32B0D407C7}.Release|Any CPU.Build.0 = Release|Any CPU
		{722DC236-9C13-486B-A2C1-2A7613AB00DE}.Debug|Any CPU.ActiveCfg = Debug|Any CPU
		{722DC236-9C13-486B-A2C1-2A7613AB00DE}.Debug|Any CPU.Build.0 = Debug|Any CPU
		{722DC236-9C13-486B-A2C1-2A7613AB00DE}.Release|Any CPU.ActiveCfg = Release|Any CPU
		{722DC236-9C13-486B-A2C1-2A7613AB00DE}.Release|Any CPU.Build.0 = Release|Any CPU
		{7E178E1B-5978-4B6F-9450-5A7716491768}.Debug|Any CPU.ActiveCfg = Debug|Any CPU
		{7E178E1B-5978-4B6F-9450-5A7716491768}.Debug|Any CPU.Build.0 = Debug|Any CPU
		{7E178E1B-5978-4B6F-9450-5A7716491768}.Release|Any CPU.ActiveCfg = Release|Any CPU
		{7E178E1B-5978-4B6F-9450-5A7716491768}.Release|Any CPU.Build.0 = Release|Any CPU
	EndGlobalSection
	GlobalSection(SolutionProperties) = preSolution
		HideSolutionNode = FALSE
	EndGlobalSection
	GlobalSection(NestedProjects) = preSolution
		{1005B7C3-4239-4DFE-A5A9-3A986531919B} = {7363C3F8-26A6-4894-BFED-5DEFB1119E90}
		{0A7ACFC1-AF7E-45E0-9D7F-F38F04132002} = {7363C3F8-26A6-4894-BFED-5DEFB1119E90}
		{E1158CD0-16CC-42DC-AF76-29C3A3F16E90} = {7363C3F8-26A6-4894-BFED-5DEFB1119E90}
		{6528545A-6DBC-4C63-A0E2-0F570004BCB1} = {6E1F9D9A-2603-4AC6-9F92-C4B4086FF846}
		{B2223C56-D13E-4B99-81B7-08272632A029} = {6E1F9D9A-2603-4AC6-9F92-C4B4086FF846}
		{2A19DF94-8ECB-46FE-A3D9-D6A9E37C26F6} = {6E1F9D9A-2603-4AC6-9F92-C4B4086FF846}
		{02DA7125-6183-44E3-A88A-005C52B62C81} = {28017A00-0BC7-4C01-9D28-FA9CB1CFFC22}
		{14B4A81B-14BA-4182-8BC1-66149D5C3B99} = {28017A00-0BC7-4C01-9D28-FA9CB1CFFC22}
		{6B63FC0C-BA2E-44C9-A954-9D6E052C173A} = {28017A00-0BC7-4C01-9D28-FA9CB1CFFC22}
		{743D6083-3EA2-4CC5-A4E3-166C62234B0D} = {3DB19B73-FFA9-4AA5-B2AB-8AE488EF5C36}
		{25B5764B-DF1C-47D0-838B-EB1359C9D6C5} = {3DB19B73-FFA9-4AA5-B2AB-8AE488EF5C36}
		{C05EE626-C5ED-4FB0-A230-9AD4A8791AED} = {3DB19B73-FFA9-4AA5-B2AB-8AE488EF5C36}
		{53720D14-1E74-4E1A-96B7-C187F5CC630A} = {9B8D93C6-F5D0-4AB5-A0DD-0BB6A9B7B94E}
		{61A65D7F-1B6D-45E7-A54B-5AA87DB3D9EA} = {9B8D93C6-F5D0-4AB5-A0DD-0BB6A9B7B94E}
		{A63B2525-C019-43AF-B976-CB7D1824AD1E} = {9B8D93C6-F5D0-4AB5-A0DD-0BB6A9B7B94E}
		{E43E91FA-B297-4854-8411-E59E6E41EE0B} = {5197BA2D-4222-409E-AF12-C49451E8F824}
		{19FCC718-F759-4A29-B93B-09C19CC29D8E} = {5197BA2D-4222-409E-AF12-C49451E8F824}
		{38BCF586-C422-4D2F-986B-9E9FCABAF129} = {5197BA2D-4222-409E-AF12-C49451E8F824}
		{405C31A5-937D-4B9B-B301-0CD4708C82FB} = {53DED714-8521-4BF4-B25F-C06A9652711D}
		{444338E6-2EB6-4C62-8E6B-E311C94AC69B} = {53DED714-8521-4BF4-B25F-C06A9652711D}
		{CED874CF-EDE5-41A2-9630-F39C8D3BEC17} = {53DED714-8521-4BF4-B25F-C06A9652711D}
		{C25F2C73-1272-4B8C-9B61-1A32B0D407C7} = {FD8EF263-702D-4156-8281-1330C0A3CA2D}
		{722DC236-9C13-486B-A2C1-2A7613AB00DE} = {FD8EF263-702D-4156-8281-1330C0A3CA2D}
		{7E178E1B-5978-4B6F-9450-5A7716491768} = {FD8EF263-702D-4156-8281-1330C0A3CA2D}
	EndGlobalSection
	GlobalSection(ExtensibilityGlobals) = postSolution
		SolutionGuid = {58FC0F3A-2536-460E-BCB0-6271914FCE99}
	EndGlobalSection
EndGlobal
